
Microsoft Visual Studio Solution File, Format Version 12.00
# Visual Studio Version 17
VisualStudioVersion = 17.0.32014.148
MinimumVisualStudioVersion = 10.0.40219.1
Project("{9A19103F-16F7-4668-BE54-9A1E7A4F7556}") = "Starware.DatingApp.API", "Starware.Datingapp.API\Starware.DatingApp.API.csproj", "{D7D055BD-A0D3-4DFA-B15F-7B8C5148A38F}"
EndProject
Project("{9A19103F-16F7-4668-BE54-9A1E7A4F7556}") = "Starware.DatingApp.Application", "starware.datingapp.application\Starware.DatingApp.Application.csproj", "{F4EA6AF0-05B4-4214-837D-C2CAA36F9B8B}"
EndProject
Project("{9A19103F-16F7-4668-BE54-9A1E7A4F7556}") = "Starware.DatingApp.Core", "starware.datingapp.core\Starware.DatingApp.Core.csproj", "{C1AF763E-CAA0-415D-A21C-DEEA2EDC575E}"
EndProject
Project("{9A19103F-16F7-4668-BE54-9A1E7A4F7556}") = "Starware.DatingApp.Infrastructure", "starware.datingapp.infrastructure\Starware.DatingApp.Infrastructure.csproj", "{CBF065ED-BD95-4F24-8FD0-2C2DD2F798E6}"
EndProject
Project("{9A19103F-16F7-4668-BE54-9A1E7A4F7556}") = "Starware.DatingApp.Persistence", "starware.datingapp.persistence\Starware.DatingApp.Persistence.csproj", "{A9EE7E38-ABFE-46DB-A27E-E3F8D5201D23}"
EndProject
Project("{9A19103F-16F7-4668-BE54-9A1E7A4F7556}") = "Starware.DatingApp.UI", "starware.Datingapp.UI\Starware.DatingApp.UI.csproj", "{4806272F-32BE-43DF-B982-9F3A98EDEF30}"
EndProject
Project("{9A19103F-16F7-4668-BE54-9A1E7A4F7556}") = "Starware.DatingApp.SharedKernal", "starware.datingapp.sharedkernal\Starware.DatingApp.SharedKernal.csproj", "{A5FDA622-1801-4173-8308-6BB8B37C6FB5}"
EndProject
Project("{9A19103F-16F7-4668-BE54-9A1E7A4F7556}") = "Starware.DatingApp.Testing", "starware.datingapp.testing\Starware.DatingApp.Testing.csproj", "{6F2BF116-B503-4B9F-88A0-FE85D33791B7}"
EndProject
Global
	GlobalSection(SolutionConfigurationPlatforms) = preSolution
		Debug|Any CPU = Debug|Any CPU
		Release|Any CPU = Release|Any CPU
	EndGlobalSection
	GlobalSection(ProjectConfigurationPlatforms) = postSolution
		{D7D055BD-A0D3-4DFA-B15F-7B8C5148A38F}.Debug|Any CPU.ActiveCfg = Debug|Any CPU
		{D7D055BD-A0D3-4DFA-B15F-7B8C5148A38F}.Debug|Any CPU.Build.0 = Debug|Any CPU
		{D7D055BD-A0D3-4DFA-B15F-7B8C5148A38F}.Release|Any CPU.ActiveCfg = Release|Any CPU
		{D7D055BD-A0D3-4DFA-B15F-7B8C5148A38F}.Release|Any CPU.Build.0 = Release|Any CPU
		{F4EA6AF0-05B4-4214-837D-C2CAA36F9B8B}.Debug|Any CPU.ActiveCfg = Debug|Any CPU
		{F4EA6AF0-05B4-4214-837D-C2CAA36F9B8B}.Debug|Any CPU.Build.0 = Debug|Any CPU
		{F4EA6AF0-05B4-4214-837D-C2CAA36F9B8B}.Release|Any CPU.ActiveCfg = Release|Any CPU
		{F4EA6AF0-05B4-4214-837D-C2CAA36F9B8B}.Release|Any CPU.Build.0 = Release|Any CPU
		{C1AF763E-CAA0-415D-A21C-DEEA2EDC575E}.Debug|Any CPU.ActiveCfg = Debug|Any CPU
		{C1AF763E-CAA0-415D-A21C-DEEA2EDC575E}.Debug|Any CPU.Build.0 = Debug|Any CPU
		{C1AF763E-CAA0-415D-A21C-DEEA2EDC575E}.Release|Any CPU.ActiveCfg = Release|Any CPU
		{C1AF763E-CAA0-415D-A21C-DEEA2EDC575E}.Release|Any CPU.Build.0 = Release|Any CPU
		{CBF065ED-BD95-4F24-8FD0-2C2DD2F798E6}.Debug|Any CPU.ActiveCfg = Debug|Any CPU
		{CBF065ED-BD95-4F24-8FD0-2C2DD2F798E6}.Debug|Any CPU.Build.0 = Debug|Any CPU
		{CBF065ED-BD95-4F24-8FD0-2C2DD2F798E6}.Release|Any CPU.ActiveCfg = Release|Any CPU
		{CBF065ED-BD95-4F24-8FD0-2C2DD2F798E6}.Release|Any CPU.Build.0 = Release|Any CPU
		{A9EE7E38-ABFE-46DB-A27E-E3F8D5201D23}.Debug|Any CPU.ActiveCfg = Debug|Any CPU
		{A9EE7E38-ABFE-46DB-A27E-E3F8D5201D23}.Debug|Any CPU.Build.0 = Debug|Any CPU
		{A9EE7E38-ABFE-46DB-A27E-E3F8D5201D23}.Release|Any CPU.ActiveCfg = Release|Any CPU
		{A9EE7E38-ABFE-46DB-A27E-E3F8D5201D23}.Release|Any CPU.Build.0 = Release|Any CPU
		{4806272F-32BE-43DF-B982-9F3A98EDEF30}.Debug|Any CPU.ActiveCfg = Debug|Any CPU
		{4806272F-32BE-43DF-B982-9F3A98EDEF30}.Debug|Any CPU.Build.0 = Debug|Any CPU
		{4806272F-32BE-43DF-B982-9F3A98EDEF30}.Release|Any CPU.ActiveCfg = Release|Any CPU
		{4806272F-32BE-43DF-B982-9F3A98EDEF30}.Release|Any CPU.Build.0 = Release|Any CPU
		{A5FDA622-1801-4173-8308-6BB8B37C6FB5}.Debug|Any CPU.ActiveCfg = Debug|Any CPU
		{A5FDA622-1801-4173-8308-6BB8B37C6FB5}.Debug|Any CPU.Build.0 = Debug|Any CPU
		{A5FDA622-1801-4173-8308-6BB8B37C6FB5}.Release|Any CPU.ActiveCfg = Release|Any CPU
		{A5FDA622-1801-4173-8308-6BB8B37C6FB5}.Release|Any CPU.Build.0 = Release|Any CPU
		{6F2BF116-B503-4B9F-88A0-FE85D33791B7}.Debug|Any CPU.ActiveCfg = Debug|Any CPU
		{6F2BF116-B503-4B9F-88A0-FE85D33791B7}.Debug|Any CPU.Build.0 = Debug|Any CPU
		{6F2BF116-B503-4B9F-88A0-FE85D33791B7}.Release|Any CPU.ActiveCfg = Release|Any CPU
		{6F2BF116-B503-4B9F-88A0-FE85D33791B7}.Release|Any CPU.Build.0 = Release|Any CPU
	EndGlobalSection
	GlobalSection(SolutionProperties) = preSolution
		HideSolutionNode = FALSE
	EndGlobalSection
	GlobalSection(ExtensibilityGlobals) = postSolution
		SolutionGuid = {BD5725BF-C450-4555-996E-C66A4F3E3B18}
	EndGlobalSection
EndGlobal
